
Microsoft Visual Studio Solution File, Format Version 12.00
# Visual Studio Version 17
VisualStudioVersion = 17.12.35707.178 d17.12
MinimumVisualStudioVersion = 10.0.40219.1
Project("{FAE04EC0-301F-11D3-BF4B-00C04F79EFBC}") = "UserLoginAPI", "UserLoginAPI\UserLoginAPI.csproj", "{AAC038E8-C0F7-4C70-87EB-3308B9DD99EB}"
EndProject
Global
	GlobalSection(SolutionConfigurationPlatforms) = preSolution
		Debug|Any CPU = Debug|Any CPU
		Release|Any CPU = Release|Any CPU
	EndGlobalSection
	GlobalSection(ProjectConfigurationPlatforms) = postSolution
		{AAC038E8-C0F7-4C70-87EB-3308B9DD99EB}.Debug|Any CPU.ActiveCfg = Debug|Any CPU
		{AAC038E8-C0F7-4C70-87EB-3308B9DD99EB}.Debug|Any CPU.Build.0 = Debug|Any CPU
		{AAC038E8-C0F7-4C70-87EB-3308B9DD99EB}.Release|Any CPU.ActiveCfg = Release|Any CPU
		{AAC038E8-C0F7-4C70-87EB-3308B9DD99EB}.Release|Any CPU.Build.0 = Release|Any CPU
	EndGlobalSection
	GlobalSection(SolutionProperties) = preSolution
		HideSolutionNode = FALSE
	EndGlobalSection
EndGlobal
